
Microsoft Visual Studio Solution File, Format Version 12.00
# Visual Studio Version 16
VisualStudioVersion = 16.0.34301.259
MinimumVisualStudioVersion = 10.0.40219.1
Project("{FAE04EC0-301F-11D3-BF4B-00C04F79EFBC}") = "Metodos2", "Metodos2\Metodos2.csproj", "{507FE689-471C-4220-B01E-A742E61363B2}"
EndProject
Global
	GlobalSection(SolutionConfigurationPlatforms) = preSolution
		Debug|Any CPU = Debug|Any CPU
		Release|Any CPU = Release|Any CPU
	EndGlobalSection
	GlobalSection(ProjectConfigurationPlatforms) = postSolution
		{507FE689-471C-4220-B01E-A742E61363B2}.Debug|Any CPU.ActiveCfg = Debug|Any CPU
		{507FE689-471C-4220-B01E-A742E61363B2}.Debug|Any CPU.Build.0 = Debug|Any CPU
		{507FE689-471C-4220-B01E-A742E61363B2}.Release|Any CPU.ActiveCfg = Release|Any CPU
		{507FE689-471C-4220-B01E-A742E61363B2}.Release|Any CPU.Build.0 = Release|Any CPU
	EndGlobalSection
	GlobalSection(SolutionProperties) = preSolution
		HideSolutionNode = FALSE
	EndGlobalSection
	GlobalSection(ExtensibilityGlobals) = postSolution
		SolutionGuid = {A744429D-A245-4F5B-965A-6E1AD9A9FDF0}
	EndGlobalSection
EndGlobal
